
Microsoft Visual Studio Solution File, Format Version 12.00
# Visual Studio 2015
Project("{FAE04EC0-301F-11D3-BF4B-00C04F79EFBC}") = "Exam.Plugins", "Exam.Plugins.csproj", "{21820A2F-12EC-0AED-2284-9689EF378D9B}"
EndProject
Project("{FAE04EC0-301F-11D3-BF4B-00C04F79EFBC}") = "Exam", "Exam.csproj", "{5486FD9E-9801-D589-5A1B-709D2BBC41ED}"
EndProject
Project("{FAE04EC0-301F-11D3-BF4B-00C04F79EFBC}") = "Exam.Editor", "Exam.Editor.csproj", "{17ADC678-2F01-A254-0D49-FEA019CCEBE9}"
EndProject
Global
	GlobalSection(SolutionConfigurationPlatforms) = preSolution
		Debug|Any CPU = Debug|Any CPU
		Release|Any CPU = Release|Any CPU
	EndGlobalSection
	GlobalSection(ProjectConfigurationPlatforms) = postSolution
		{21820A2F-12EC-0AED-2284-9689EF378D9B}.Debug|Any CPU.ActiveCfg = Debug|Any CPU
		{21820A2F-12EC-0AED-2284-9689EF378D9B}.Debug|Any CPU.Build.0 = Debug|Any CPU
		{21820A2F-12EC-0AED-2284-9689EF378D9B}.Release|Any CPU.ActiveCfg = Release|Any CPU
		{21820A2F-12EC-0AED-2284-9689EF378D9B}.Release|Any CPU.Build.0 = Release|Any CPU
		{5486FD9E-9801-D589-5A1B-709D2BBC41ED}.Debug|Any CPU.ActiveCfg = Debug|Any CPU
		{5486FD9E-9801-D589-5A1B-709D2BBC41ED}.Debug|Any CPU.Build.0 = Debug|Any CPU
		{5486FD9E-9801-D589-5A1B-709D2BBC41ED}.Release|Any CPU.ActiveCfg = Release|Any CPU
		{5486FD9E-9801-D589-5A1B-709D2BBC41ED}.Release|Any CPU.Build.0 = Release|Any CPU
		{17ADC678-2F01-A254-0D49-FEA019CCEBE9}.Debug|Any CPU.ActiveCfg = Debug|Any CPU
		{17ADC678-2F01-A254-0D49-FEA019CCEBE9}.Debug|Any CPU.Build.0 = Debug|Any CPU
		{17ADC678-2F01-A254-0D49-FEA019CCEBE9}.Release|Any CPU.ActiveCfg = Release|Any CPU
		{17ADC678-2F01-A254-0D49-FEA019CCEBE9}.Release|Any CPU.Build.0 = Release|Any CPU
	EndGlobalSection
	GlobalSection(SolutionProperties) = preSolution
		HideSolutionNode = FALSE
	EndGlobalSection
EndGlobal
